
Microsoft Visual Studio Solution File, Format Version 12.00
# Visual Studio Version 17
VisualStudioVersion = 17.8.34309.116
MinimumVisualStudioVersion = 10.0.40219.1
Project("{FAE04EC0-301F-11D3-BF4B-00C04F79EFBC}") = "FireBasics", "FireBasics\FireBasics.csproj", "{ED638C06-E3D3-4A1B-9EA8-90683E9DDD6B}"
EndProject
Global
	GlobalSection(SolutionConfigurationPlatforms) = preSolution
		Debug|Any CPU = Debug|Any CPU
		Release|Any CPU = Release|Any CPU
	EndGlobalSection
	GlobalSection(ProjectConfigurationPlatforms) = postSolution
		{ED638C06-E3D3-4A1B-9EA8-90683E9DDD6B}.Debug|Any CPU.ActiveCfg = Debug|Any CPU
		{ED638C06-E3D3-4A1B-9EA8-90683E9DDD6B}.Debug|Any CPU.Build.0 = Debug|Any CPU
		{ED638C06-E3D3-4A1B-9EA8-90683E9DDD6B}.Release|Any CPU.ActiveCfg = Release|Any CPU
		{ED638C06-E3D3-4A1B-9EA8-90683E9DDD6B}.Release|Any CPU.Build.0 = Release|Any CPU
	EndGlobalSection
	GlobalSection(SolutionProperties) = preSolution
		HideSolutionNode = FALSE
	EndGlobalSection
	GlobalSection(ExtensibilityGlobals) = postSolution
		SolutionGuid = {D49EED48-E148-439A-A26E-D49E88DDC05C}
	EndGlobalSection
EndGlobal
